{
  "name": "click-to-source-3d",
  "version": "0.0.0",
  "lockfileVersion": 3,
  "requires": true,
  "packages": {
    "": {
      "name": "click-to-source-3d",
      "version": "0.0.0",
      "license": "MIT",
      "workspaces": [
        "packages/*"
      ],
      "engines": {
        "node": ">=18.0.0"
      }
    },
    "node_modules/@click-to-source/core": {
      "resolved": "packages/core",
      "link": true
    },
    "node_modules/@click-to-source/examples": {
      "resolved": "packages/examples",
      "link": true
    },
    "node_modules/@click-to-source/overlay": {
      "resolved": "packages/overlay",
      "link": true
    },
    "node_modules/@click-to-source/shared": {
      "resolved": "packages/shared",
      "link": true
    },
    "packages/core": {
      "name": "@click-to-source/core",
      "version": "0.0.0",
      "license": "MIT"
    },
    "packages/examples": {
      "name": "@click-to-source/examples",
      "version": "0.0.0",
      "license": "MIT"
    },
    "packages/overlay": {
      "name": "@click-to-source/overlay",
      "version": "0.0.0",
      "license": "MIT"
    },
    "packages/shared": {
      "name": "@click-to-source/shared",
      "version": "0.0.0",
      "license": "MIT"
    }
  }
}
